Microsoft Visual Studio Solution File, Format Version 8.00
Project("{8BC9CEB8-8B4A-11D0-8D11-00A0C91BC942}") = "pib", "pib.vcproj", "{B977A8F2-1D93-4E40-9B0D-315368A9304D}"
	ProjectSection(ProjectDependencies) = postProject
	EndProjectSection
EndProject
Global
	GlobalSection(SolutionConfiguration) = preSolution
		Debug = Debug
		Release = Release
	EndGlobalSection
	GlobalSection(ProjectConfiguration) = postSolution
		{B977A8F2-1D93-4E40-9B0D-315368A9304D}.Debug.ActiveCfg = Debug|Win32
		{B977A8F2-1D93-4E40-9B0D-315368A9304D}.Debug.Build.0 = Debug|Win32
		{B977A8F2-1D93-4E40-9B0D-315368A9304D}.Release.ActiveCfg = Release|Win32
		{B977A8F2-1D93-4E40-9B0D-315368A9304D}.Release.Build.0 = Release|Win32
	EndGlobalSection
	GlobalSection(ExtensibilityGlobals) = postSolution
	EndGlobalSection
	GlobalSection(ExtensibilityAddIns) = postSolution
	EndGlobalSection
EndGlobal
